
Microsoft Visual Studio Solution File, Format Version 12.00
# Visual Studio Version 17
VisualStudioVersion = 17.14.36414.22 d17.14
MinimumVisualStudioVersion = 10.0.40219.1
Project("{FAE04EC0-301F-11D3-BF4B-00C04F79EFBC}") = "Laboratorio193", "Laboratorio193\Laboratorio193.csproj", "{BCEA2012-E484-41DA-B800-3E010CDE0683}"
EndProject
Global
	GlobalSection(SolutionConfigurationPlatforms) = preSolution
		Debug|Any CPU = Debug|Any CPU
		Release|Any CPU = Release|Any CPU
	EndGlobalSection
	GlobalSection(ProjectConfigurationPlatforms) = postSolution
		{BCEA2012-E484-41DA-B800-3E010CDE0683}.Debug|Any CPU.ActiveCfg = Debug|Any CPU
		{BCEA2012-E484-41DA-B800-3E010CDE0683}.Debug|Any CPU.Build.0 = Debug|Any CPU
		{BCEA2012-E484-41DA-B800-3E010CDE0683}.Release|Any CPU.ActiveCfg = Release|Any CPU
		{BCEA2012-E484-41DA-B800-3E010CDE0683}.Release|Any CPU.Build.0 = Release|Any CPU
	EndGlobalSection
	GlobalSection(SolutionProperties) = preSolution
		HideSolutionNode = FALSE
	EndGlobalSection
	GlobalSection(ExtensibilityGlobals) = postSolution
		SolutionGuid = {95A70004-3551-4D5C-B97A-7901F5347EFD}
	EndGlobalSection
EndGlobal
