
Microsoft Visual Studio Solution File, Format Version 12.00
# Visual Studio Version 17
VisualStudioVersion = 17.14.36414.22 d17.14
MinimumVisualStudioVersion = 10.0.40219.1
Project("{F184B08F-C81C-45F6-A57F-5ABD9991F28F}") = "Lab 10-1", "Lab 10-1\Lab 10-1.vbproj", "{A8E6BCA9-B815-4B91-BCEC-6DE433F7BC77}"
EndProject
Global
	GlobalSection(SolutionConfigurationPlatforms) = preSolution
		Debug|Any CPU = Debug|Any CPU
		Release|Any CPU = Release|Any CPU
	EndGlobalSection
	GlobalSection(ProjectConfigurationPlatforms) = postSolution
		{A8E6BCA9-B815-4B91-BCEC-6DE433F7BC77}.Debug|Any CPU.ActiveCfg = Debug|Any CPU
		{A8E6BCA9-B815-4B91-BCEC-6DE433F7BC77}.Debug|Any CPU.Build.0 = Debug|Any CPU
		{A8E6BCA9-B815-4B91-BCEC-6DE433F7BC77}.Release|Any CPU.ActiveCfg = Release|Any CPU
		{A8E6BCA9-B815-4B91-BCEC-6DE433F7BC77}.Release|Any CPU.Build.0 = Release|Any CPU
	EndGlobalSection
	GlobalSection(SolutionProperties) = preSolution
		HideSolutionNode = FALSE
	EndGlobalSection
	GlobalSection(ExtensibilityGlobals) = postSolution
		SolutionGuid = {82C8FECF-A96C-47FD-8B62-D5BC0610515F}
	EndGlobalSection
EndGlobal
