
Microsoft Visual Studio Solution File, Format Version 12.00
# Visual Studio Version 17
VisualStudioVersion = 17.14.36414.22 d17.14
MinimumVisualStudioVersion = 10.0.40219.1
Project("{FAE04EC0-301F-11D3-BF4B-00C04F79EFBC}") = "Laboratorio123", "Laboratorio123\Laboratorio123.csproj", "{720BB62A-0FCB-43DB-935F-91F083A87716}"
EndProject
Global
	GlobalSection(SolutionConfigurationPlatforms) = preSolution
		Debug|Any CPU = Debug|Any CPU
		Release|Any CPU = Release|Any CPU
	EndGlobalSection
	GlobalSection(ProjectConfigurationPlatforms) = postSolution
		{720BB62A-0FCB-43DB-935F-91F083A87716}.Debug|Any CPU.ActiveCfg = Debug|Any CPU
		{720BB62A-0FCB-43DB-935F-91F083A87716}.Debug|Any CPU.Build.0 = Debug|Any CPU
		{720BB62A-0FCB-43DB-935F-91F083A87716}.Release|Any CPU.ActiveCfg = Release|Any CPU
		{720BB62A-0FCB-43DB-935F-91F083A87716}.Release|Any CPU.Build.0 = Release|Any CPU
	EndGlobalSection
	GlobalSection(SolutionProperties) = preSolution
		HideSolutionNode = FALSE
	EndGlobalSection
	GlobalSection(ExtensibilityGlobals) = postSolution
		SolutionGuid = {A51A2F3D-EB90-4737-AF9E-F0BE39568B1F}
	EndGlobalSection
EndGlobal
