
Microsoft Visual Studio Solution File, Format Version 12.00
# Visual Studio Version 17
VisualStudioVersion = 17.14.36414.22 d17.14
MinimumVisualStudioVersion = 10.0.40219.1
Project("{FAE04EC0-301F-11D3-BF4B-00C04F79EFBC}") = "Lab 5-4", "Lab 5-4\Lab 5-4.csproj", "{7E7D1A6F-E28B-4AC1-B881-0D4765D47D77}"
EndProject
Global
	GlobalSection(SolutionConfigurationPlatforms) = preSolution
		Debug|Any CPU = Debug|Any CPU
		Release|Any CPU = Release|Any CPU
	EndGlobalSection
	GlobalSection(ProjectConfigurationPlatforms) = postSolution
		{7E7D1A6F-E28B-4AC1-B881-0D4765D47D77}.Debug|Any CPU.ActiveCfg = Debug|Any CPU
		{7E7D1A6F-E28B-4AC1-B881-0D4765D47D77}.Debug|Any CPU.Build.0 = Debug|Any CPU
		{7E7D1A6F-E28B-4AC1-B881-0D4765D47D77}.Release|Any CPU.ActiveCfg = Release|Any CPU
		{7E7D1A6F-E28B-4AC1-B881-0D4765D47D77}.Release|Any CPU.Build.0 = Release|Any CPU
	EndGlobalSection
	GlobalSection(SolutionProperties) = preSolution
		HideSolutionNode = FALSE
	EndGlobalSection
	GlobalSection(ExtensibilityGlobals) = postSolution
		SolutionGuid = {B14985D6-4D8A-4D41-A0A4-7E10452A3433}
	EndGlobalSection
EndGlobal
